
Microsoft Visual Studio Solution File, Format Version 12.00
# Visual Studio Version 16
VisualStudioVersion = 16.0.32002.261
MinimumVisualStudioVersion = 10.0.40219.1
Project("{FAE04EC0-301F-11D3-BF4B-00C04F79EFBC}") = "SudokuWebAPI", "SudokuWebAPI\SudokuWebAPI.csproj", "{D333F6A3-B536-4BA3-AE9F-445C570C981E}"
EndProject
Global
	GlobalSection(SolutionConfigurationPlatforms) = preSolution
		Debug|Any CPU = Debug|Any CPU
		Release|Any CPU = Release|Any CPU
	EndGlobalSection
	GlobalSection(ProjectConfigurationPlatforms) = postSolution
		{D333F6A3-B536-4BA3-AE9F-445C570C981E}.Debug|Any CPU.ActiveCfg = Debug|Any CPU
		{D333F6A3-B536-4BA3-AE9F-445C570C981E}.Debug|Any CPU.Build.0 = Debug|Any CPU
		{D333F6A3-B536-4BA3-AE9F-445C570C981E}.Release|Any CPU.ActiveCfg = Release|Any CPU
		{D333F6A3-B536-4BA3-AE9F-445C570C981E}.Release|Any CPU.Build.0 = Release|Any CPU
	EndGlobalSection
	GlobalSection(SolutionProperties) = preSolution
		HideSolutionNode = FALSE
	EndGlobalSection
	GlobalSection(ExtensibilityGlobals) = postSolution
		SolutionGuid = {2426634C-3A80-4E26-B808-1B44CD2978EF}
	EndGlobalSection
EndGlobal
